
Microsoft Visual Studio Solution File, Format Version 12.00
# Visual Studio Version 17
VisualStudioVersion = 17.5.33530.505
MinimumVisualStudioVersion = 10.0.40219.1
Project("{FAE04EC0-301F-11D3-BF4B-00C04F79EFBC}") = "FireStationApp", "FireStationApp\FireStationApp.csproj", "{E205B3F8-66DE-4D5C-B776-B03ED0044FA8}"
EndProject
Global
	GlobalSection(SolutionConfigurationPlatforms) = preSolution
		Debug|Any CPU = Debug|Any CPU
		Release|Any CPU = Release|Any CPU
	EndGlobalSection
	GlobalSection(ProjectConfigurationPlatforms) = postSolution
		{E205B3F8-66DE-4D5C-B776-B03ED0044FA8}.Debug|Any CPU.ActiveCfg = Debug|Any CPU
		{E205B3F8-66DE-4D5C-B776-B03ED0044FA8}.Debug|Any CPU.Build.0 = Debug|Any CPU
		{E205B3F8-66DE-4D5C-B776-B03ED0044FA8}.Release|Any CPU.ActiveCfg = Release|Any CPU
		{E205B3F8-66DE-4D5C-B776-B03ED0044FA8}.Release|Any CPU.Build.0 = Release|Any CPU
	EndGlobalSection
	GlobalSection(SolutionProperties) = preSolution
		HideSolutionNode = FALSE
	EndGlobalSection
	GlobalSection(ExtensibilityGlobals) = postSolution
		SolutionGuid = {2702CBBD-8890-4919-91AE-0559684700ED}
	EndGlobalSection
EndGlobal
