
Microsoft Visual Studio Solution File, Format Version 12.00
# Visual Studio Version 17
VisualStudioVersion = 17.5.33516.290
MinimumVisualStudioVersion = 10.0.40219.1
Project("{FAE04EC0-301F-11D3-BF4B-00C04F79EFBC}") = "Login01", "Login01\Login01.csproj", "{3CC396AE-D9A1-44A8-8FA9-A0F25329F42E}"
EndProject
Global
	GlobalSection(SolutionConfigurationPlatforms) = preSolution
		Debug|Any CPU = Debug|Any CPU
		Release|Any CPU = Release|Any CPU
	EndGlobalSection
	GlobalSection(ProjectConfigurationPlatforms) = postSolution
		{3CC396AE-D9A1-44A8-8FA9-A0F25329F42E}.Debug|Any CPU.ActiveCfg = Debug|Any CPU
		{3CC396AE-D9A1-44A8-8FA9-A0F25329F42E}.Debug|Any CPU.Build.0 = Debug|Any CPU
		{3CC396AE-D9A1-44A8-8FA9-A0F25329F42E}.Release|Any CPU.ActiveCfg = Release|Any CPU
		{3CC396AE-D9A1-44A8-8FA9-A0F25329F42E}.Release|Any CPU.Build.0 = Release|Any CPU
	EndGlobalSection
	GlobalSection(SolutionProperties) = preSolution
		HideSolutionNode = FALSE
	EndGlobalSection
	GlobalSection(ExtensibilityGlobals) = postSolution
		SolutionGuid = {9FC041CA-ACD1-47BC-9CC3-E4F60F3C71E3}
	EndGlobalSection
EndGlobal
